
Microsoft Visual Studio Solution File, Format Version 12.00
# Visual Studio Version 17
VisualStudioVersion = 17.12.35514.174 d17.12
MinimumVisualStudioVersion = 10.0.40219.1
Project("{FAE04EC0-301F-11D3-BF4B-00C04F79EFBC}") = "TrackFlow", "TrackFlow.csproj", "{810756C8-E31A-49EE-855F-9C4C9782332F}"
EndProject
Global
	GlobalSection(SolutionConfigurationPlatforms) = preSolution
		Debug|Any CPU = Debug|Any CPU
		Release|Any CPU = Release|Any CPU
	EndGlobalSection
	GlobalSection(ProjectConfigurationPlatforms) = postSolution
		{810756C8-E31A-49EE-855F-9C4C9782332F}.Debug|Any CPU.ActiveCfg = Debug|Any CPU
		{810756C8-E31A-49EE-855F-9C4C9782332F}.Debug|Any CPU.Build.0 = Debug|Any CPU
		{810756C8-E31A-49EE-855F-9C4C9782332F}.Release|Any CPU.ActiveCfg = Release|Any CPU
		{810756C8-E31A-49EE-855F-9C4C9782332F}.Release|Any CPU.Build.0 = Release|Any CPU
	EndGlobalSection
	GlobalSection(SolutionProperties) = preSolution
		HideSolutionNode = FALSE
	EndGlobalSection
EndGlobal
